
Microsoft Visual Studio Solution File, Format Version 12.00
# Visual Studio Version 17
VisualStudioVersion = 17.3.32819.101
MinimumVisualStudioVersion = 10.0.40219.1
Project("{2150E333-8FDC-42A3-9474-1A3956D46DE8}") = "Solution Items", "Solution Items", "{88BEA940-34B8-456B-B5C6-1963ADC83E8A}"
	ProjectSection(SolutionItems) = preProject
		.editorconfig = .editorconfig
		Common.props = Common.props
		Directory.Build.props = Directory.Build.props
		GlobalSuppressions.cs = GlobalSuppressions.cs
		LICENSE = LICENSE
		stylecop.json = stylecop.json
	EndProjectSection
EndProject
Project("{2150E333-8FDC-42A3-9474-1A3956D46DE8}") = "docs", "docs", "{F827C8B9-FF2A-450A-B648-305D5FBB970E}"
	ProjectSection(SolutionItems) = preProject
		docs\README.md = docs\README.md
	EndProjectSection
EndProject
Project("{2150E333-8FDC-42A3-9474-1A3956D46DE8}") = "src", "src", "{6564E602-76CA-4259-8642-E0C3D8CFF652}"
	ProjectSection(SolutionItems) = preProject
		src\Directory.Build.props = src\Directory.Build.props
	EndProjectSection
EndProject
Project("{9A19103F-16F7-4668-BE54-9A1E7A4F7556}") = "Splunk.OpenTelemetry.AutoInstrumentation.Plugin", "src\Splunk.OpenTelemetry.AutoInstrumentation.Plugin\Splunk.OpenTelemetry.AutoInstrumentation.Plugin.csproj", "{689B9DC2-EB4B-4FAA-A858-59D9CCF97EB6}"
EndProject
Project("{2150E333-8FDC-42A3-9474-1A3956D46DE8}") = "test", "test", "{14A731B9-4F09-43E6-B64C-98E7E6EDA0EA}"
	ProjectSection(SolutionItems) = preProject
		test\Directory.Build.props = test\Directory.Build.props
	EndProjectSection
EndProject
Project("{9A19103F-16F7-4668-BE54-9A1E7A4F7556}") = "Splunk.OpenTelemetry.AutoInstrumentation.Plugin.Tests", "test\Splunk.OpenTelemetry.AutoInstrumentation.Plugin.Tests\Splunk.OpenTelemetry.AutoInstrumentation.Plugin.Tests.csproj", "{EE47BEF0-40C5-4AB3-91B6-9CBB420BD59B}"
EndProject
Project("{9A19103F-16F7-4668-BE54-9A1E7A4F7556}") = "_build", "build\_build.csproj", "{23A5DC4E-0639-43D6-B7A6-A6249968D19C}"
EndProject
Project("{2150E333-8FDC-42A3-9474-1A3956D46DE8}") = "build", "build", "{D43C3CFD-4BFA-4415-8063-CBCADDD5451B}"
EndProject
Project("{9A19103F-16F7-4668-BE54-9A1E7A4F7556}") = "Splunk.OpenTelemetry.AutoInstrumentation.IntegrationTests", "test\Splunk.OpenTelemetry.AutoInstrumentation.IntegrationTests\Splunk.OpenTelemetry.AutoInstrumentation.IntegrationTests.csproj", "{1CE4522F-D8CB-46FE-B48B-5250761DC2F6}"
EndProject
Project("{2150E333-8FDC-42A3-9474-1A3956D46DE8}") = "test-applications", "test-applications", "{A6DD239C-1359-4B04-844B-3DAD486AA370}"
EndProject
Project("{2150E333-8FDC-42A3-9474-1A3956D46DE8}") = "integrations", "integrations", "{52FAD8BC-5D9B-4379-82F7-114C41B3ACEB}"
	ProjectSection(SolutionItems) = preProject
		test\test-applications\integrations\Directory.Build.props = test\test-applications\integrations\Directory.Build.props
		test\test-applications\integrations\GlobalSuppressions.cs = test\test-applications\integrations\GlobalSuppressions.cs
	EndProjectSection
EndProject
Project("{9A19103F-16F7-4668-BE54-9A1E7A4F7556}") = "TestApplication.Smoke", "test\test-applications\integrations\TestApplication.Smoke\TestApplication.Smoke.csproj", "{8C866EE9-8260-4D33-A2FE-8EDF2953A007}"
EndProject
Project("{2150E333-8FDC-42A3-9474-1A3956D46DE8}") = "dependency-libs", "dependency-libs", "{A7C478E4-30A8-4B00-8BA2-9D7DD8384625}"
EndProject
Project("{9A19103F-16F7-4668-BE54-9A1E7A4F7556}") = "TestApplication.Shared", "test\test-applications\integrations\dependency-libs\TestApplication.Shared\TestApplication.Shared.csproj", "{1CEC4875-ED16-4EDF-919F-5700B868C5A5}"
EndProject
Global
	GlobalSection(SolutionConfigurationPlatforms) = preSolution
		Debug|Any CPU = Debug|Any CPU
		Debug|x64 = Debug|x64
		Debug|x86 = Debug|x86
		Release|Any CPU = Release|Any CPU
		Release|x64 = Release|x64
		Release|x86 = Release|x86
	EndGlobalSection
	GlobalSection(ProjectConfigurationPlatforms) = postSolution
		{689B9DC2-EB4B-4FAA-A858-59D9CCF97EB6}.Debug|Any CPU.ActiveCfg = Debug|Any CPU
		{689B9DC2-EB4B-4FAA-A858-59D9CCF97EB6}.Debug|Any CPU.Build.0 = Debug|Any CPU
		{689B9DC2-EB4B-4FAA-A858-59D9CCF97EB6}.Debug|x64.ActiveCfg = Debug|Any CPU
		{689B9DC2-EB4B-4FAA-A858-59D9CCF97EB6}.Debug|x64.Build.0 = Debug|Any CPU
		{689B9DC2-EB4B-4FAA-A858-59D9CCF97EB6}.Debug|x86.ActiveCfg = Debug|Any CPU
		{689B9DC2-EB4B-4FAA-A858-59D9CCF97EB6}.Debug|x86.Build.0 = Debug|Any CPU
		{689B9DC2-EB4B-4FAA-A858-59D9CCF97EB6}.Release|Any CPU.ActiveCfg = Release|Any CPU
		{689B9DC2-EB4B-4FAA-A858-59D9CCF97EB6}.Release|Any CPU.Build.0 = Release|Any CPU
		{689B9DC2-EB4B-4FAA-A858-59D9CCF97EB6}.Release|x64.ActiveCfg = Release|Any CPU
		{689B9DC2-EB4B-4FAA-A858-59D9CCF97EB6}.Release|x64.Build.0 = Release|Any CPU
		{689B9DC2-EB4B-4FAA-A858-59D9CCF97EB6}.Release|x86.ActiveCfg = Release|Any CPU
		{689B9DC2-EB4B-4FAA-A858-59D9CCF97EB6}.Release|x86.Build.0 = Release|Any CPU
		{EE47BEF0-40C5-4AB3-91B6-9CBB420BD59B}.Debug|Any CPU.ActiveCfg = Debug|Any CPU
		{EE47BEF0-40C5-4AB3-91B6-9CBB420BD59B}.Debug|Any CPU.Build.0 = Debug|Any CPU
		{EE47BEF0-40C5-4AB3-91B6-9CBB420BD59B}.Debug|x64.ActiveCfg = Debug|Any CPU
		{EE47BEF0-40C5-4AB3-91B6-9CBB420BD59B}.Debug|x64.Build.0 = Debug|Any CPU
		{EE47BEF0-40C5-4AB3-91B6-9CBB420BD59B}.Debug|x86.ActiveCfg = Debug|Any CPU
		{EE47BEF0-40C5-4AB3-91B6-9CBB420BD59B}.Debug|x86.Build.0 = Debug|Any CPU
		{EE47BEF0-40C5-4AB3-91B6-9CBB420BD59B}.Release|Any CPU.ActiveCfg = Release|Any CPU
		{EE47BEF0-40C5-4AB3-91B6-9CBB420BD59B}.Release|Any CPU.Build.0 = Release|Any CPU
		{EE47BEF0-40C5-4AB3-91B6-9CBB420BD59B}.Release|x64.ActiveCfg = Release|Any CPU
		{EE47BEF0-40C5-4AB3-91B6-9CBB420BD59B}.Release|x64.Build.0 = Release|Any CPU
		{EE47BEF0-40C5-4AB3-91B6-9CBB420BD59B}.Release|x86.ActiveCfg = Release|Any CPU
		{EE47BEF0-40C5-4AB3-91B6-9CBB420BD59B}.Release|x86.Build.0 = Release|Any CPU
		{23A5DC4E-0639-43D6-B7A6-A6249968D19C}.Debug|Any CPU.ActiveCfg = Debug|Any CPU
		{23A5DC4E-0639-43D6-B7A6-A6249968D19C}.Debug|x64.ActiveCfg = Debug|Any CPU
		{23A5DC4E-0639-43D6-B7A6-A6249968D19C}.Debug|x86.ActiveCfg = Debug|Any CPU
		{23A5DC4E-0639-43D6-B7A6-A6249968D19C}.Release|Any CPU.ActiveCfg = Release|Any CPU
		{23A5DC4E-0639-43D6-B7A6-A6249968D19C}.Release|x64.ActiveCfg = Release|Any CPU
		{23A5DC4E-0639-43D6-B7A6-A6249968D19C}.Release|x86.ActiveCfg = Release|Any CPU
		{1CE4522F-D8CB-46FE-B48B-5250761DC2F6}.Debug|Any CPU.ActiveCfg = Debug|Any CPU
		{1CE4522F-D8CB-46FE-B48B-5250761DC2F6}.Debug|Any CPU.Build.0 = Debug|Any CPU
		{1CE4522F-D8CB-46FE-B48B-5250761DC2F6}.Debug|x64.ActiveCfg = Debug|Any CPU
		{1CE4522F-D8CB-46FE-B48B-5250761DC2F6}.Debug|x64.Build.0 = Debug|Any CPU
		{1CE4522F-D8CB-46FE-B48B-5250761DC2F6}.Debug|x86.ActiveCfg = Debug|Any CPU
		{1CE4522F-D8CB-46FE-B48B-5250761DC2F6}.Debug|x86.Build.0 = Debug|Any CPU
		{1CE4522F-D8CB-46FE-B48B-5250761DC2F6}.Release|Any CPU.ActiveCfg = Release|Any CPU
		{1CE4522F-D8CB-46FE-B48B-5250761DC2F6}.Release|Any CPU.Build.0 = Release|Any CPU
		{1CE4522F-D8CB-46FE-B48B-5250761DC2F6}.Release|x64.ActiveCfg = Release|Any CPU
		{1CE4522F-D8CB-46FE-B48B-5250761DC2F6}.Release|x64.Build.0 = Release|Any CPU
		{1CE4522F-D8CB-46FE-B48B-5250761DC2F6}.Release|x86.ActiveCfg = Release|Any CPU
		{1CE4522F-D8CB-46FE-B48B-5250761DC2F6}.Release|x86.Build.0 = Release|Any CPU
		{8C866EE9-8260-4D33-A2FE-8EDF2953A007}.Debug|Any CPU.ActiveCfg = Debug|x64
		{8C866EE9-8260-4D33-A2FE-8EDF2953A007}.Debug|Any CPU.Build.0 = Debug|x64
		{8C866EE9-8260-4D33-A2FE-8EDF2953A007}.Debug|x64.ActiveCfg = Debug|x64
		{8C866EE9-8260-4D33-A2FE-8EDF2953A007}.Debug|x64.Build.0 = Debug|x64
		{8C866EE9-8260-4D33-A2FE-8EDF2953A007}.Debug|x86.ActiveCfg = Debug|x86
		{8C866EE9-8260-4D33-A2FE-8EDF2953A007}.Debug|x86.Build.0 = Debug|x86
		{8C866EE9-8260-4D33-A2FE-8EDF2953A007}.Release|Any CPU.ActiveCfg = Release|x64
		{8C866EE9-8260-4D33-A2FE-8EDF2953A007}.Release|Any CPU.Build.0 = Release|x64
		{8C866EE9-8260-4D33-A2FE-8EDF2953A007}.Release|x64.ActiveCfg = Release|x64
		{8C866EE9-8260-4D33-A2FE-8EDF2953A007}.Release|x64.Build.0 = Release|x64
		{8C866EE9-8260-4D33-A2FE-8EDF2953A007}.Release|x86.ActiveCfg = Release|x86
		{8C866EE9-8260-4D33-A2FE-8EDF2953A007}.Release|x86.Build.0 = Release|x86
		{1CEC4875-ED16-4EDF-919F-5700B868C5A5}.Debug|Any CPU.ActiveCfg = Debug|x64
		{1CEC4875-ED16-4EDF-919F-5700B868C5A5}.Debug|Any CPU.Build.0 = Debug|x64
		{1CEC4875-ED16-4EDF-919F-5700B868C5A5}.Debug|x64.ActiveCfg = Debug|x64
		{1CEC4875-ED16-4EDF-919F-5700B868C5A5}.Debug|x64.Build.0 = Debug|x64
		{1CEC4875-ED16-4EDF-919F-5700B868C5A5}.Debug|x86.ActiveCfg = Debug|x86
		{1CEC4875-ED16-4EDF-919F-5700B868C5A5}.Debug|x86.Build.0 = Debug|x86
		{1CEC4875-ED16-4EDF-919F-5700B868C5A5}.Release|Any CPU.ActiveCfg = Release|x64
		{1CEC4875-ED16-4EDF-919F-5700B868C5A5}.Release|Any CPU.Build.0 = Release|x64
		{1CEC4875-ED16-4EDF-919F-5700B868C5A5}.Release|x64.ActiveCfg = Release|x64
		{1CEC4875-ED16-4EDF-919F-5700B868C5A5}.Release|x64.Build.0 = Release|x64
		{1CEC4875-ED16-4EDF-919F-5700B868C5A5}.Release|x86.ActiveCfg = Release|x86
		{1CEC4875-ED16-4EDF-919F-5700B868C5A5}.Release|x86.Build.0 = Release|x86
	EndGlobalSection
	GlobalSection(SolutionProperties) = preSolution
		HideSolutionNode = FALSE
	EndGlobalSection
	GlobalSection(NestedProjects) = preSolution
		{F827C8B9-FF2A-450A-B648-305D5FBB970E} = {88BEA940-34B8-456B-B5C6-1963ADC83E8A}
		{689B9DC2-EB4B-4FAA-A858-59D9CCF97EB6} = {6564E602-76CA-4259-8642-E0C3D8CFF652}
		{EE47BEF0-40C5-4AB3-91B6-9CBB420BD59B} = {14A731B9-4F09-43E6-B64C-98E7E6EDA0EA}
		{23A5DC4E-0639-43D6-B7A6-A6249968D19C} = {D43C3CFD-4BFA-4415-8063-CBCADDD5451B}
		{1CE4522F-D8CB-46FE-B48B-5250761DC2F6} = {14A731B9-4F09-43E6-B64C-98E7E6EDA0EA}
		{A6DD239C-1359-4B04-844B-3DAD486AA370} = {14A731B9-4F09-43E6-B64C-98E7E6EDA0EA}
		{52FAD8BC-5D9B-4379-82F7-114C41B3ACEB} = {A6DD239C-1359-4B04-844B-3DAD486AA370}
		{8C866EE9-8260-4D33-A2FE-8EDF2953A007} = {52FAD8BC-5D9B-4379-82F7-114C41B3ACEB}
		{A7C478E4-30A8-4B00-8BA2-9D7DD8384625} = {52FAD8BC-5D9B-4379-82F7-114C41B3ACEB}
		{1CEC4875-ED16-4EDF-919F-5700B868C5A5} = {A7C478E4-30A8-4B00-8BA2-9D7DD8384625}
	EndGlobalSection
	GlobalSection(ExtensibilityGlobals) = postSolution
		SolutionGuid = {B0A9D043-A771-45B1-AC87-0FFF14CD89D0}
	EndGlobalSection
EndGlobal
