
Microsoft Visual Studio Solution File, Format Version 12.00
# Visual Studio Version 17
VisualStudioVersion = 17.8.34112.27
MinimumVisualStudioVersion = 10.0.40219.1
Project("{FAE04EC0-301F-11D3-BF4B-00C04F79EFBC}") = "MatrixHelper", "MatrixHelper\MatrixHelper.csproj", "{D8A55313-F90D-4F4D-860C-8E0C768178CF}"
EndProject
Global
	GlobalSection(SolutionConfigurationPlatforms) = preSolution
		Debug|Any CPU = Debug|Any CPU
		Release|Any CPU = Release|Any CPU
	EndGlobalSection
	GlobalSection(ProjectConfigurationPlatforms) = postSolution
		{D8A55313-F90D-4F4D-860C-8E0C768178CF}.Debug|Any CPU.ActiveCfg = Debug|Any CPU
		{D8A55313-F90D-4F4D-860C-8E0C768178CF}.Debug|Any CPU.Build.0 = Debug|Any CPU
		{D8A55313-F90D-4F4D-860C-8E0C768178CF}.Release|Any CPU.ActiveCfg = Release|Any CPU
		{D8A55313-F90D-4F4D-860C-8E0C768178CF}.Release|Any CPU.Build.0 = Release|Any CPU
	EndGlobalSection
	GlobalSection(SolutionProperties) = preSolution
		HideSolutionNode = FALSE
	EndGlobalSection
	GlobalSection(ExtensibilityGlobals) = postSolution
		SolutionGuid = {B6D6E6DA-9654-4B6D-97E1-7F456227747A}
	EndGlobalSection
EndGlobal
